// !$*UTF8*$!
{
	archiveVersion = 1;
	classes = {
	};
	objectVersion = 48;
	objects = {

/* Begin PBXBuildFile section */
		C66472892060FC250080A99E /* AppDelegate.swift in Sources */ = {isa = PBXBuildFile; fileRef = C66472882060FC250080A99E /* AppDelegate.swift */; };
		C664728B2060FC250080A99E /* ViewController.swift in Sources */ = {isa = PBXBuildFile; fileRef = C664728A2060FC250080A99E /* ViewController.swift */; };
		C664728E2060FC250080A99E /* Main.storyboard in Resources */ = {isa = PBXBuildFile; fileRef = C664728C2060FC250080A99E /* Main.storyboard */; };
		C66472912060FC250080A99E /* swiftC.xcdatamodeld in Sources */ = {isa = PBXBuildFile; fileRef = C664728F2060FC250080A99E /* swiftC.xcdatamodeld */; };
		C66472932060FC250080A99E /* Assets.xcassets in Resources */ = {isa = PBXBuildFile; fileRef = C66472922060FC250080A99E /* Assets.xcassets */; };
		C66472962060FC250080A99E /* LaunchScreen.storyboard in Resources */ = {isa = PBXBuildFile; fileRef = C66472942060FC250080A99E /* LaunchScreen.storyboard */; };
		C66472A12060FC260080A99E /* swiftCTests.swift in Sources */ = {isa = PBXBuildFile; fileRef = C66472A02060FC260080A99E /* swiftCTests.swift */; };
		C66472AC2060FC260080A99E /* swiftCUITests.swift in Sources */ = {isa = PBXBuildFile; fileRef = C66472AB2060FC260080A99E /* swiftCUITests.swift */; };
/* End PBXBuildFile section */

/* Begin PBXContainerItemProxy section */
		C664729D2060FC260080A99E /* PBXContainerItemProxy */ = {
			isa = PBXContainerItemProxy;
			containerPortal = C664727D2060FC250080A99E /* Project object */;
			proxyType = 1;
			remoteGlobalIDString = C66472842060FC250080A99E;
			remoteInfo = swiftC;
		};
		C66472A82060FC260080A99E /* PBXContainerItemProxy */ = {
			isa = PBXContainerItemProxy;
			containerPortal = C664727D2060FC250080A99E /* Project object */;
			proxyType = 1;
			remoteGlobalIDString = C66472842060FC250080A99E;
			remoteInfo = swiftC;
		};
/* End PBXContainerItemProxy section */

/* Begin PBXFileReference section */
		C66472852060FC250080A99E /* swiftC.app */ = {isa = PBXFileReference; explicitFileType = wrapper.application; includeInIndex = 0; path = swiftC.app; sourceTree = BUILT_PRODUCTS_DIR; };
		C66472882060FC250080A99E /* AppDelegate.swift */ = {isa = PBXFileReference; lastKnownFileType = sourcecode.swift; path = AppDelegate.swift; sourceTree = "<group>"; };
		C664728A2060FC250080A99E /* ViewController.swift */ = {isa = PBXFileReference; lastKnownFileType = sourcecode.swift; path = ViewController.swift; sourceTree = "<group>"; };
		C664728D2060FC250080A99E /* Base */ = {isa = PBXFileReference; lastKnownFileType = file.storyboard; name = Base; path = Base.lproj/Main.storyboard; sourceTree = "<group>"; };
		C66472902060FC250080A99E /* swiftC.xcdatamodel */ = {isa = PBXFileReference; lastKnownFileType = wrapper.xcdatamodel; path = swiftC.xcdatamodel; sourceTree = "<group>"; };
		C66472922060FC250080A99E /* Assets.xcassets */ = {isa = PBXFileReference; lastKnownFileType = folder.assetcatalog; path = Assets.xcassets; sourceTree = "<group>"; };
		C66472952060FC250080A99E /* Base */ = {isa = PBXFileReference; lastKnownFileType = file.storyboard; name = Base; path = Base.lproj/LaunchScreen.storyboard; sourceTree = "<group>"; };
		C66472972060FC250080A99E /* Info.plist */ = {isa = PBXFileReference; lastKnownFileType = text.plist.xml; path = Info.plist; sourceTree = "<group>"; };
		C664729C2060FC260080A99E /* swiftCTests.xctest */ = {isa = PBXFileReference; explicitFileType = wrapper.cfbundle; includeInIndex = 0; path = swiftCTests.xctest; sourceTree = BUILT_PRODUCTS_DIR; };
		C66472A02060FC260080A99E /* swiftCTests.swift */ = {isa = PBXFileReference; lastKnownFileType = sourcecode.swift; path = swiftCTests.swift; sourceTree = "<group>"; };
		C66472A22060FC260080A99E /* Info.plist */ = {isa = PBXFileReference; lastKnownFileType = text.plist.xml; path = Info.plist; sourceTree = "<group>"; };
		C66472A72060FC260080A99E /* swiftCUITests.xctest */ = {isa = PBXFileReference; explicitFileType = wrapper.cfbundle; includeInIndex = 0; path = swiftCUITests.xctest; sourceTree = BUILT_PRODUCTS_DIR; };
		C66472AB2060FC260080A99E /* swiftCUITests.swift */ = {isa = PBXFileReference; lastKnownFileType = sourcecode.swift; path = swiftCUITests.swift; sourceTree = "<group>"; };
		C66472AD2060FC260080A99E /* Info.plist */ = {isa = PBXFileReference; lastKnownFileType = text.plist.xml; path = Info.plist; sourceTree = "<group>"; };
/* End PBXFileReference section */

/* Begin PBXFrameworksBuildPhase section */
		C66472822060FC250080A99E /* Frameworks */ = {
			isa = PBXFrameworksBuildPhase;
			buildActionMask = 2147483647;
			files = (
			);
			runOnlyForDeploymentPostprocessing = 0;
		};
		C66472992060FC260080A99E /* Frameworks */ = {
			isa = PBXFrameworksBuildPhase;
			buildActionMask = 2147483647;
			files = (
			);
			runOnlyForDeploymentPostprocessing = 0;
		};
		C66472A42060FC260080A99E /* Frameworks */ = {
			isa = PBXFrameworksBuildPhase;
			buildActionMask = 2147483647;
			files = (
			);
			runOnlyForDeploymentPostprocessing = 0;
		};
/* End PBXFrameworksBuildPhase section */

/* Begin PBXGroup section */
		C664727C2060FC250080A99E = {
			isa = PBXGroup;
			children = (
				C66472872060FC250080A99E /* swiftC */,
				C664729F2060FC260080A99E /* swiftCTests */,
				C66472AA2060FC260080A99E /* swiftCUITests */,
				C66472862060FC250080A99E /* Products */,
			);
			sourceTree = "<group>";
		};
		C66472862060FC250080A99E /* Products */ = {
			isa = PBXGroup;
			children = (
				C66472852060FC250080A99E /* swiftC.app */,
				C664729C2060FC260080A99E /* swiftCTests.xctest */,
				C66472A72060FC260080A99E /* swiftCUITests.xctest */,
			);
			name = Products;
			sourceTree = "<group>";
		};
		C66472872060FC250080A99E /* swiftC */ = {
			isa = PBXGroup;
			children = (
				C66472882060FC250080A99E /* AppDelegate.swift */,
				C664728A2060FC250080A99E /* ViewController.swift */,
				C664728C2060FC250080A99E /* Main.storyboard */,
				C66472922060FC250080A99E /* Assets.xcassets */,
				C66472942060FC250080A99E /* LaunchScreen.storyboard */,
				C66472972060FC250080A99E /* Info.plist */,
				C664728F2060FC250080A99E /* swiftC.xcdatamodeld */,
			);
			path = swiftC;
			sourceTree = "<group>";
		};
		C664729F2060FC260080A99E /* swiftCTests */ = {
			isa = PBXGroup;
			children = (
				C66472A02060FC260080A99E /* swiftCTests.swift */,
				C66472A22060FC260080A99E /* Info.plist */,
			);
			path = swiftCTests;
			sourceTree = "<group>";
		};
		C66472AA2060FC260080A99E /* swiftCUITests */ = {
			isa = PBXGroup;
			children = (
				C66472AB2060FC260080A99E /* swiftCUITests.swift */,
				C66472AD2060FC260080A99E /* Info.plist */,
			);
			path = swiftCUITests;
			sourceTree = "<group>";
		};
/* End PBXGroup section */

/* Begin PBXNativeTarget section */
		C66472842060FC250080A99E /* swiftC */ = {
			isa = PBXNativeTarget;
			buildConfigurationList = C66472B02060FC260080A99E /* Build configuration list for PBXNativeTarget "swiftC" */;
			buildPhases = (
				C66472812060FC250080A99E /* Sources */,
				C66472822060FC250080A99E /* Frameworks */,
				C66472832060FC250080A99E /* Resources */,
			);
			buildRules = (
			);
			dependencies = (
			);
			name = swiftC;
			productName = swiftC;
			productReference = C66472852060FC250080A99E /* swiftC.app */;
			productType = "com.apple.product-type.application";
		};
		C664729B2060FC260080A99E /* swiftCTests */ = {
			isa = PBXNativeTarget;
			buildConfigurationList = C66472B32060FC260080A99E /* Build configuration list for PBXNativeTarget "swiftCTests" */;
			buildPhases = (
				C66472982060FC260080A99E /* Sources */,
				C66472992060FC260080A99E /* Frameworks */,
				C664729A2060FC260080A99E /* Resources */,
			);
			buildRules = (
			);
			dependencies = (
				C664729E2060FC260080A99E /* PBXTargetDependency */,
			);
			name = swiftCTests;
			productName = swiftCTests;
			productReference = C664729C2060FC260080A99E /* swiftCTests.xctest */;
			productType = "com.apple.product-type.bundle.unit-test";
		};
		C66472A62060FC260080A99E /* swiftCUITests */ = {
			isa = PBXNativeTarget;
			buildConfigurationList = C66472B62060FC260080A99E /* Build configuration list for PBXNativeTarget "swiftCUITests" */;
			buildPhases = (
				C66472A32060FC260080A99E /* Sources */,
				C66472A42060FC260080A99E /* Frameworks */,
				C66472A52060FC260080A99E /* Resources */,
			);
			buildRules = (
			);
			dependencies = (
				C66472A92060FC260080A99E /* PBXTargetDependency */,
			);
			name = swiftCUITests;
			productName = swiftCUITests;
			productReference = C66472A72060FC260080A99E /* swiftCUITests.xctest */;
			productType = "com.apple.product-type.bundle.ui-testing";
		};
/* End PBXNativeTarget section */

/* Begin PBXProject section */
		C664727D2060FC250080A99E /* Project object */ = {
			isa = PBXProject;
			attributes = {
				LastSwiftUpdateCheck = 0920;
				LastUpgradeCheck = 0920;
				ORGANIZATIONNAME = xc106d3;
				TargetAttributes = {
					C66472842060FC250080A99E = {
						CreatedOnToolsVersion = 9.2;
						ProvisioningStyle = Automatic;
					};
					C664729B2060FC260080A99E = {
						CreatedOnToolsVersion = 9.2;
						ProvisioningStyle = Automatic;
						TestTargetID = C66472842060FC250080A99E;
					};
					C66472A62060FC260080A99E = {
						CreatedOnToolsVersion = 9.2;
						ProvisioningStyle = Automatic;
						TestTargetID = C66472842060FC250080A99E;
					};
				};
			};
			buildConfigurationList = C66472802060FC250080A99E /* Build configuration list for PBXProject "swiftC" */;
			compatibilityVersion = "Xcode 8.0";
			developmentRegion = en;
			hasScannedForEncodings = 0;
			knownRegions = (
				en,
				Base,
			);
			mainGroup = C664727C2060FC250080A99E;
			productRefGroup = C66472862060FC250080A99E /* Products */;
			projectDirPath = "";
			projectRoot = "";
			targets = (
				C66472842060FC250080A99E /* swiftC */,
				C664729B2060FC260080A99E /* swiftCTests */,
				C66472A62060FC260080A99E /* swiftCUITests */,
			);
		};
/* End PBXProject section */

/* Begin PBXResourcesBuildPhase section */
		C66472832060FC250080A99E /* Resources */ = {
			isa = PBXResourcesBuildPhase;
			buildActionMask = 2147483647;
			files = (
				C66472962060FC250080A99E /* LaunchScreen.storyboard in Resources */,
				C66472932060FC250080A99E /* Assets.xcassets in Resources */,
				C664728E2060FC250080A99E /* Main.storyboard in Resources */,
			);
			runOnlyForDeploymentPostprocessing = 0;
		};
		C664729A2060FC260080A99E /* Resources */ = {
			isa = PBXResourcesBuildPhase;
			buildActionMask = 2147483647;
			files = (
			);
			runOnlyForDeploymentPostprocessing = 0;
		};
		C66472A52060FC260080A99E /* Resources */ = {
			isa = PBXResourcesBuildPhase;
			buildActionMask = 2147483647;
			files = (
			);
			runOnlyForDeploymentPostprocessing = 0;
		};
/* End PBXResourcesBuildPhase section */

/* Begin PBXSourcesBuildPhase section */
		C66472812060FC250080A99E /* Sources */ = {
			isa = PBXSourcesBuildPhase;
			buildActionMask = 2147483647;
			files = (
				C664728B2060FC250080A99E /* ViewController.swift in Sources */,
				C66472892060FC250080A99E /* AppDelegate.swift in Sources */,
				C66472912060FC250080A99E /* swiftC.xcdatamodeld in Sources */,
			);
			runOnlyForDeploymentPostprocessing = 0;
		};
		C66472982060FC260080A99E /* Sources */ = {
			isa = PBXSourcesBuildPhase;
			buildActionMask = 2147483647;
			files = (
				C66472A12060FC260080A99E /* swiftCTests.swift in Sources */,
			);
			runOnlyForDeploymentPostprocessing = 0;
		};
		C66472A32060FC260080A99E /* Sources */ = {
			isa = PBXSourcesBuildPhase;
			buildActionMask = 2147483647;
			files = (
				C66472AC2060FC260080A99E /* swiftCUITests.swift in Sources */,
			);
			runOnlyForDeploymentPostprocessing = 0;
		};
/* End PBXSourcesBuildPhase section */

/* Begin PBXTargetDependency section */
		C664729E2060FC260080A99E /* PBXTargetDependency */ = {
			isa = PBXTargetDependency;
			target = C66472842060FC250080A99E /* swiftC */;
			targetProxy = C664729D2060FC260080A99E /* PBXContainerItemProxy */;
		};
		C66472A92060FC260080A99E /* PBXTargetDependency */ = {
			isa = PBXTargetDependency;
			target = C66472842060FC250080A99E /* swiftC */;
			targetProxy = C66472A82060FC260080A99E /* PBXContainerItemProxy */;
		};
/* End PBXTargetDependency section */

/* Begin PBXVariantGroup section */
		C664728C2060FC250080A99E /* Main.storyboard */ = {
			isa = PBXVariantGroup;
			children = (
				C664728D2060FC250080A99E /* Base */,
			);
			name = Main.storyboard;
			sourceTree = "<group>";
		};
		C66472942060FC250080A99E /* LaunchScreen.storyboard */ = {
			isa = PBXVariantGroup;
			children = (
				C66472952060FC250080A99E /* Base */,
			);
			name = LaunchScreen.storyboard;
			sourceTree = "<group>";
		};
/* End PBXVariantGroup section */

/* Begin XCBuildConfiguration section */
		C66472AE2060FC260080A99E /* Debug */ = {
			isa = XCBuildConfiguration;
			buildSettings = {
				ALWAYS_SEARCH_USER_PATHS = NO;
				CLANG_ANALYZER_NONNULL = YES;
				CLANG_ANALYZER_NUMBER_OBJECT_CONVERSION = YES_AGGRESSIVE;
				CLANG_CXX_LANGUAGE_STANDARD = "gnu++14";
				CLANG_CXX_LIBRARY = "libc++";
				CLANG_ENABLE_MODULES = YES;
				CLANG_ENABLE_OBJC_ARC = YES;
				CLANG_WARN_BLOCK_CAPTURE_AUTORELEASING = YES;
				CLANG_WARN_BOOL_CONVERSION = YES;
				CLANG_WARN_COMMA = YES;
				CLANG_WARN_CONSTANT_CONVERSION = YES;
				CLANG_WARN_DIRECT_OBJC_ISA_USAGE = YES_ERROR;
				CLANG_WARN_DOCUMENTATION_COMMENTS = YES;
				CLANG_WARN_EMPTY_BODY = YES;
				CLANG_WARN_ENUM_CONVERSION = YES;
				CLANG_WARN_INFINITE_RECURSION = YES;
				CLANG_WARN_INT_CONVERSION = YES;
				CLANG_WARN_NON_LITERAL_NULL_CONVERSION = YES;
				CLANG_WARN_OBJC_LITERAL_CONVERSION = YES;
				CLANG_WARN_OBJC_ROOT_CLASS = YES_ERROR;
				CLANG_WARN_RANGE_LOOP_ANALYSIS = YES;
				CLANG_WARN_STRICT_PROTOTYPES = YES;
				CLANG_WARN_SUSPICIOUS_MOVE = YES;
				CLANG_WARN_UNGUARDED_AVAILABILITY = YES_AGGRESSIVE;
				CLANG_WARN_UNREACHABLE_CODE = YES;
				CLANG_WARN__DUPLICATE_METHOD_MATCH = YES;
				CODE_SIGN_IDENTITY = "iPhone Developer";
				COPY_PHASE_STRIP = NO;
				DEBUG_INFORMATION_FORMAT = dwarf;
				ENABLE_STRICT_OBJC_MSGSEND = YES;
				ENABLE_TESTABILITY = YES;
				GCC_C_LANGUAGE_STANDARD = gnu11;
				GCC_DYNAMIC_NO_PIC = NO;
				GCC_NO_COMMON_BLOCKS = YES;
				GCC_OPTIMIZATION_LEVEL = 0;
				GCC_PREPROCESSOR_DEFINITIONS = (
					"DEBUG=1",
					"$(inherited)",
				);
				GCC_WARN_64_TO_32_BIT_CONVERSION = YES;
				GCC_WARN_ABOUT_RETURN_TYPE = YES_ERROR;
				GCC_WARN_UNDECLARED_SELECTOR = YES;
				GCC_WARN_UNINITIALIZED_AUTOS = YES_AGGRESSIVE;
				GCC_WARN_UNUSED_FUNCTION = YES;
				GCC_WARN_UNUSED_VARIABLE = YES;
				IPHONEOS_DEPLOYMENT_TARGET = 11.2;
				MTL_ENABLE_DEBUG_INFO = YES;
				ONLY_ACTIVE_ARCH = YES;
				SDKROOT = iphoneos;
				SWIFT_ACTIVE_COMPILATION_CONDITIONS = DEBUG;
				SWIFT_OPTIMIZATION_LEVEL = "-Onone";
			};
			name = Debug;
		};
		C66472AF2060FC260080A99E /* Release */ = {
			isa = XCBuildConfiguration;
			buildSettings = {
				ALWAYS_SEARCH_USER_PATHS = NO;
				CLANG_ANALYZER_NONNULL = YES;
				CLANG_ANALYZER_NUMBER_OBJECT_CONVERSION = YES_AGGRESSIVE;
				CLANG_CXX_LANGUAGE_STANDARD = "gnu++14";
				CLANG_CXX_LIBRARY = "libc++";
				CLANG_ENABLE_MODULES = YES;
				CLANG_ENABLE_OBJC_ARC = YES;
				CLANG_WARN_BLOCK_CAPTURE_AUTORELEASING = YES;
				CLANG_WARN_BOOL_CONVERSION = YES;
				CLANG_WARN_COMMA = YES;
				CLANG_WARN_CONSTANT_CONVERSION = YES;
				CLANG_WARN_DIRECT_OBJC_ISA_USAGE = YES_ERROR;
				CLANG_WARN_DOCUMENTATION_COMMENTS = YES;
				CLANG_WARN_EMPTY_BODY = YES;
				CLANG_WARN_ENUM_CONVERSION = YES;
				CLANG_WARN_INFINITE_RECURSION = YES;
				CLANG_WARN_INT_CONVERSION = YES;
				CLANG_WARN_NON_LITERAL_NULL_CONVERSION = YES;
				CLANG_WARN_OBJC_LITERAL_CONVERSION = YES;
				CLANG_WARN_OBJC_ROOT_CLASS = YES_ERROR;
				CLANG_WARN_RANGE_LOOP_ANALYSIS = YES;
				CLANG_WARN_STRICT_PROTOTYPES = YES;
				CLANG_WARN_SUSPICIOUS_MOVE = YES;
				CLANG_WARN_UNGUARDED_AVAILABILITY = YES_AGGRESSIVE;
				CLANG_WARN_UNREACHABLE_CODE = YES;
				CLANG_WARN__DUPLICATE_METHOD_MATCH = YES;
				CODE_SIGN_IDENTITY = "iPhone Developer";
				COPY_PHASE_STRIP = NO;
				DEBUG_INFORMATION_FORMAT = "dwarf-with-dsym";
				ENABLE_NS_ASSERTIONS = NO;
				ENABLE_STRICT_OBJC_MSGSEND = YES;
				GCC_C_LANGUAGE_STANDARD = gnu11;
				GCC_NO_COMMON_BLOCKS = YES;
				GCC_WARN_64_TO_32_BIT_CONVERSION = YES;
				GCC_WARN_ABOUT_RETURN_TYPE = YES_ERROR;
				GCC_WARN_UNDECLARED_SELECTOR = YES;
				GCC_WARN_UNINITIALIZED_AUTOS = YES_AGGRESSIVE;
				GCC_WARN_UNUSED_FUNCTION = YES;
				GCC_WARN_UNUSED_VARIABLE = YES;
				IPHONEOS_DEPLOYMENT_TARGET = 11.2;
				MTL_ENABLE_DEBUG_INFO = NO;
				SDKROOT = iphoneos;
				SWIFT_OPTIMIZATION_LEVEL = "-Owholemodule";
				VALIDATE_PRODUCT = YES;
			};
			name = Release;
		};
		C66472B12060FC260080A99E /* Debug */ = {
			isa = XCBuildConfiguration;
			buildSettings = {
				ASSETCATALOG_COMPILER_APPICON_NAME = AppIcon;
				CODE_SIGN_STYLE = Automatic;
				INFOPLIST_FILE = swiftC/Info.plist;
				LD_RUNPATH_SEARCH_PATHS = "$(inherited) @executable_path/Frameworks";
				PRODUCT_BUNDLE_IDENTIFIER = com.course.swiftC;
				PRODUCT_NAME = "$(TARGET_NAME)";
				SWIFT_VERSION = 4.0;
				TARGETED_DEVICE_FAMILY = "1,2";
			};
			name = Debug;
		};
		C66472B22060FC260080A99E /* Release */ = {
			isa = XCBuildConfiguration;
			buildSettings = {
				ASSETCATALOG_COMPILER_APPICON_NAME = AppIcon;
				CODE_SIGN_STYLE = Automatic;
				INFOPLIST_FILE = swiftC/Info.plist;
				LD_RUNPATH_SEARCH_PATHS = "$(inherited) @executable_path/Frameworks";
				PRODUCT_BUNDLE_IDENTIFIER = com.course.swiftC;
				PRODUCT_NAME = "$(TARGET_NAME)";
				SWIFT_VERSION = 4.0;
				TARGETED_DEVICE_FAMILY = "1,2";
			};
			name = Release;
		};
		C66472B42060FC260080A99E /* Debug */ = {
			isa = XCBuildConfiguration;
			buildSettings = {
				ALWAYS_EMBED_SWIFT_STANDARD_LIBRARIES = YES;
				BUNDLE_LOADER = "$(TEST_HOST)";
				CODE_SIGN_STYLE = Automatic;
				INFOPLIST_FILE = swiftCTests/Info.plist;
				LD_RUNPATH_SEARCH_PATHS = "$(inherited) @executable_path/Frameworks @loader_path/Frameworks";
				PRODUCT_BUNDLE_IDENTIFIER = com.course.swiftCTests;
				PRODUCT_NAME = "$(TARGET_NAME)";
				SWIFT_VERSION = 4.0;
				TARGETED_DEVICE_FAMILY = "1,2";
				TEST_HOST = "$(BUILT_PRODUCTS_DIR)/swiftC.app/swiftC";
			};
			name = Debug;
		};
		C66472B52060FC260080A99E /* Release */ = {
			isa = XCBuildConfiguration;
			buildSettings = {
				ALWAYS_EMBED_SWIFT_STANDARD_LIBRARIES = YES;
				BUNDLE_LOADER = "$(TEST_HOST)";
				CODE_SIGN_STYLE = Automatic;
				INFOPLIST_FILE = swiftCTests/Info.plist;
				LD_RUNPATH_SEARCH_PATHS = "$(inherited) @executable_path/Frameworks @loader_path/Frameworks";
				PRODUCT_BUNDLE_IDENTIFIER = com.course.swiftCTests;
				PRODUCT_NAME = "$(TARGET_NAME)";
				SWIFT_VERSION = 4.0;
				TARGETED_DEVICE_FAMILY = "1,2";
				TEST_HOST = "$(BUILT_PRODUCTS_DIR)/swiftC.app/swiftC";
			};
			name = Release;
		};
		C66472B72060FC260080A99E /* Debug */ = {
			isa = XCBuildConfiguration;
			buildSettings = {
				ALWAYS_EMBED_SWIFT_STANDARD_LIBRARIES = YES;
				CODE_SIGN_STYLE = Automatic;
				INFOPLIST_FILE = swiftCUITests/Info.plist;
				LD_RUNPATH_SEARCH_PATHS = "$(inherited) @executable_path/Frameworks @loader_path/Frameworks";
				PRODUCT_BUNDLE_IDENTIFIER = com.course.swiftCUITests;
				PRODUCT_NAME = "$(TARGET_NAME)";
				SWIFT_VERSION = 4.0;
				TARGETED_DEVICE_FAMILY = "1,2";
				TEST_TARGET_NAME = swiftC;
			};
			name = Debug;
		};
		C66472B82060FC260080A99E /* Release */ = {
			isa = XCBuildConfiguration;
			buildSettings = {
				ALWAYS_EMBED_SWIFT_STANDARD_LIBRARIES = YES;
				CODE_SIGN_STYLE = Automatic;
				INFOPLIST_FILE = swiftCUITests/Info.plist;
				LD_RUNPATH_SEARCH_PATHS = "$(inherited) @executable_path/Frameworks @loader_path/Frameworks";
				PRODUCT_BUNDLE_IDENTIFIER = com.course.swiftCUITests;
				PRODUCT_NAME = "$(TARGET_NAME)";
				SWIFT_VERSION = 4.0;
				TARGETED_DEVICE_FAMILY = "1,2";
				TEST_TARGET_NAME = swiftC;
			};
			name = Release;
		};
/* End XCBuildConfiguration section */

/* Begin XCConfigurationList section */
		C66472802060FC250080A99E /* Build configuration list for PBXProject "swiftC" */ = {
			isa = XCConfigurationList;
			buildConfigurations = (
				C66472AE2060FC260080A99E /* Debug */,
				C66472AF2060FC260080A99E /* Release */,
			);
			defaultConfigurationIsVisible = 0;
			defaultConfigurationName = Release;
		};
		C66472B02060FC260080A99E /* Build configuration list for PBXNativeTarget "swiftC" */ = {
			isa = XCConfigurationList;
			buildConfigurations = (
				C66472B12060FC260080A99E /* Debug */,
				C66472B22060FC260080A99E /* Release */,
			);
			defaultConfigurationIsVisible = 0;
			defaultConfigurationName = Release;
		};
		C66472B32060FC260080A99E /* Build configuration list for PBXNativeTarget "swiftCTests" */ = {
			isa = XCConfigurationList;
			buildConfigurations = (
				C66472B42060FC260080A99E /* Debug */,
				C66472B52060FC260080A99E /* Release */,
			);
			defaultConfigurationIsVisible = 0;
			defaultConfigurationName = Release;
		};
		C66472B62060FC260080A99E /* Build configuration list for PBXNativeTarget "swiftCUITests" */ = {
			isa = XCConfigurationList;
			buildConfigurations = (
				C66472B72060FC260080A99E /* Debug */,
				C66472B82060FC260080A99E /* Release */,
			);
			defaultConfigurationIsVisible = 0;
			defaultConfigurationName = Release;
		};
/* End XCConfigurationList section */

/* Begin XCVersionGroup section */
		C664728F2060FC250080A99E /* swiftC.xcdatamodeld */ = {
			isa = XCVersionGroup;
			children = (
				C66472902060FC250080A99E /* swiftC.xcdatamodel */,
			);
			currentVersion = C66472902060FC250080A99E /* swiftC.xcdatamodel */;
			path = swiftC.xcdatamodeld;
			sourceTree = "<group>";
			versionGroupType = wrapper.xcdatamodel;
		};
/* End XCVersionGroup section */
	};
	rootObject = C664727D2060FC250080A99E /* Project object */;
}
